
Microsoft Visual Studio Solution File, Format Version 12.00
# Visual Studio 14
VisualStudioVersion = 14.0.23107.0
MinimumVisualStudioVersion = 10.0.40219.1
Project("{FAE04EC0-301F-11D3-BF4B-00C04F79EFBC}") = "MuleSoft.RAML.Tools.2015", "MuleSoft.RAML.Tools\MuleSoft.RAML.Tools.2015.csproj", "{41DDAACC-EA9B-4BAB-B52A-AD537F787D37}"
EndProject
Project("{FAE04EC0-301F-11D3-BF4B-00C04F79EFBC}") = "Raml.Common", "Raml.Common\Raml.Common.csproj", "{05A60B40-E199-435D-99A4-0DD7637F5690}"
EndProject
Project("{FAE04EC0-301F-11D3-BF4B-00C04F79EFBC}") = "Raml.Tools", "Raml.Tools\Raml.Tools.csproj", "{851D7EAB-C9FB-4A3F-9537-BB8F36710395}"
EndProject
Project("{FAE04EC0-301F-11D3-BF4B-00C04F79EFBC}") = "Raml.Tools.Tests", "Raml.Tools.Tests\Raml.Tools.Tests.csproj", "{506E0987-5F2D-409B-80DE-0B0D3EDE275B}"
EndProject
Project("{FAE04EC0-301F-11D3-BF4B-00C04F79EFBC}") = "Raml.CodeGen.Tests", "Raml.CodeGen.Tests\Raml.CodeGen.Tests.csproj", "{AB9722BA-FDC7-44B4-BFAC-9D6FF9227D4A}"
EndProject
Global
	GlobalSection(SolutionConfigurationPlatforms) = preSolution
		Debug|Any CPU = Debug|Any CPU
		Debug|x86 = Debug|x86
		Release|Any CPU = Release|Any CPU
		Release|x86 = Release|x86
	EndGlobalSection
	GlobalSection(ProjectConfigurationPlatforms) = postSolution
		{41DDAACC-EA9B-4BAB-B52A-AD537F787D37}.Debug|Any CPU.ActiveCfg = Debug|Any CPU
		{41DDAACC-EA9B-4BAB-B52A-AD537F787D37}.Debug|Any CPU.Build.0 = Debug|Any CPU
		{41DDAACC-EA9B-4BAB-B52A-AD537F787D37}.Debug|x86.ActiveCfg = Debug|x86
		{41DDAACC-EA9B-4BAB-B52A-AD537F787D37}.Debug|x86.Build.0 = Debug|x86
		{41DDAACC-EA9B-4BAB-B52A-AD537F787D37}.Release|Any CPU.ActiveCfg = Release|Any CPU
		{41DDAACC-EA9B-4BAB-B52A-AD537F787D37}.Release|Any CPU.Build.0 = Release|Any CPU
		{41DDAACC-EA9B-4BAB-B52A-AD537F787D37}.Release|x86.ActiveCfg = Release|x86
		{41DDAACC-EA9B-4BAB-B52A-AD537F787D37}.Release|x86.Build.0 = Release|x86
		{05A60B40-E199-435D-99A4-0DD7637F5690}.Debug|Any CPU.ActiveCfg = Debug|Any CPU
		{05A60B40-E199-435D-99A4-0DD7637F5690}.Debug|Any CPU.Build.0 = Debug|Any CPU
		{05A60B40-E199-435D-99A4-0DD7637F5690}.Debug|x86.ActiveCfg = Debug|Any CPU
		{05A60B40-E199-435D-99A4-0DD7637F5690}.Debug|x86.Build.0 = Debug|Any CPU
		{05A60B40-E199-435D-99A4-0DD7637F5690}.Release|Any CPU.ActiveCfg = Release|Any CPU
		{05A60B40-E199-435D-99A4-0DD7637F5690}.Release|Any CPU.Build.0 = Release|Any CPU
		{05A60B40-E199-435D-99A4-0DD7637F5690}.Release|x86.ActiveCfg = Release|Any CPU
		{05A60B40-E199-435D-99A4-0DD7637F5690}.Release|x86.Build.0 = Release|Any CPU
		{851D7EAB-C9FB-4A3F-9537-BB8F36710395}.Debug|Any CPU.ActiveCfg = Debug|Any CPU
		{851D7EAB-C9FB-4A3F-9537-BB8F36710395}.Debug|Any CPU.Build.0 = Debug|Any CPU
		{851D7EAB-C9FB-4A3F-9537-BB8F36710395}.Debug|x86.ActiveCfg = Debug|Any CPU
		{851D7EAB-C9FB-4A3F-9537-BB8F36710395}.Debug|x86.Build.0 = Debug|Any CPU
		{851D7EAB-C9FB-4A3F-9537-BB8F36710395}.Release|Any CPU.ActiveCfg = Release|Any CPU
		{851D7EAB-C9FB-4A3F-9537-BB8F36710395}.Release|Any CPU.Build.0 = Release|Any CPU
		{851D7EAB-C9FB-4A3F-9537-BB8F36710395}.Release|x86.ActiveCfg = Release|Any CPU
		{851D7EAB-C9FB-4A3F-9537-BB8F36710395}.Release|x86.Build.0 = Release|Any CPU
		{506E0987-5F2D-409B-80DE-0B0D3EDE275B}.Debug|Any CPU.ActiveCfg = Debug|Any CPU
		{506E0987-5F2D-409B-80DE-0B0D3EDE275B}.Debug|Any CPU.Build.0 = Debug|Any CPU
		{506E0987-5F2D-409B-80DE-0B0D3EDE275B}.Debug|x86.ActiveCfg = Debug|Any CPU
		{506E0987-5F2D-409B-80DE-0B0D3EDE275B}.Debug|x86.Build.0 = Debug|Any CPU
		{506E0987-5F2D-409B-80DE-0B0D3EDE275B}.Release|Any CPU.ActiveCfg = Release|Any CPU
		{506E0987-5F2D-409B-80DE-0B0D3EDE275B}.Release|Any CPU.Build.0 = Release|Any CPU
		{506E0987-5F2D-409B-80DE-0B0D3EDE275B}.Release|x86.ActiveCfg = Release|Any CPU
		{506E0987-5F2D-409B-80DE-0B0D3EDE275B}.Release|x86.Build.0 = Release|Any CPU
		{AB9722BA-FDC7-44B4-BFAC-9D6FF9227D4A}.Debug|Any CPU.ActiveCfg = Debug|Any CPU
		{AB9722BA-FDC7-44B4-BFAC-9D6FF9227D4A}.Debug|Any CPU.Build.0 = Debug|Any CPU
		{AB9722BA-FDC7-44B4-BFAC-9D6FF9227D4A}.Debug|x86.ActiveCfg = Debug|Any CPU
		{AB9722BA-FDC7-44B4-BFAC-9D6FF9227D4A}.Debug|x86.Build.0 = Debug|Any CPU
		{AB9722BA-FDC7-44B4-BFAC-9D6FF9227D4A}.Release|Any CPU.ActiveCfg = Release|Any CPU
		{AB9722BA-FDC7-44B4-BFAC-9D6FF9227D4A}.Release|Any CPU.Build.0 = Release|Any CPU
		{AB9722BA-FDC7-44B4-BFAC-9D6FF9227D4A}.Release|x86.ActiveCfg = Release|Any CPU
		{AB9722BA-FDC7-44B4-BFAC-9D6FF9227D4A}.Release|x86.Build.0 = Release|Any CPU
	EndGlobalSection
	GlobalSection(SolutionProperties) = preSolution
		HideSolutionNode = FALSE
	EndGlobalSection
EndGlobal
